
Microsoft Visual Studio Solution File, Format Version 12.00
# Visual Studio Version 17
VisualStudioVersion = 17.10.35027.167
MinimumVisualStudioVersion = 10.0.40219.1
Project("{FAE04EC0-301F-11D3-BF4B-00C04F79EFBC}") = "ViewsExample", "ViewsExample\ViewsExample.csproj", "{5EA2B86B-541A-4CA4-974A-8C1B3FD6E685}"
EndProject
Global
	GlobalSection(SolutionConfigurationPlatforms) = preSolution
		Debug|Any CPU = Debug|Any CPU
		Release|Any CPU = Release|Any CPU
	EndGlobalSection
	GlobalSection(ProjectConfigurationPlatforms) = postSolution
		{5EA2B86B-541A-4CA4-974A-8C1B3FD6E685}.Debug|Any CPU.ActiveCfg = Debug|Any CPU
		{5EA2B86B-541A-4CA4-974A-8C1B3FD6E685}.Debug|Any CPU.Build.0 = Debug|Any CPU
		{5EA2B86B-541A-4CA4-974A-8C1B3FD6E685}.Release|Any CPU.ActiveCfg = Release|Any CPU
		{5EA2B86B-541A-4CA4-974A-8C1B3FD6E685}.Release|Any CPU.Build.0 = Release|Any CPU
	EndGlobalSection
	GlobalSection(SolutionProperties) = preSolution
		HideSolutionNode = FALSE
	EndGlobalSection
	GlobalSection(ExtensibilityGlobals) = postSolution
		SolutionGuid = {E3175796-B828-45E0-BD52-34A90DEB966E}
	EndGlobalSection
EndGlobal
